
Microsoft Visual Studio Solution File, Format Version 12.00
# Visual Studio Version 17
VisualStudioVersion = 17.0.32112.339
MinimumVisualStudioVersion = 10.0.40219.1
Project("{FAE04EC0-301F-11D3-BF4B-00C04F79EFBC}") = "MateusWebAPI", "MateusWebAPI\MateusWebAPI.csproj", "{2F5351EB-74F1-4A24-98B4-CBD0C37C96DC}"
EndProject
Global
	GlobalSection(SolutionConfigurationPlatforms) = preSolution
		Debug|Any CPU = Debug|Any CPU
		Release|Any CPU = Release|Any CPU
	EndGlobalSection
	GlobalSection(ProjectConfigurationPlatforms) = postSolution
		{2F5351EB-74F1-4A24-98B4-CBD0C37C96DC}.Debug|Any CPU.ActiveCfg = Debug|Any CPU
		{2F5351EB-74F1-4A24-98B4-CBD0C37C96DC}.Debug|Any CPU.Build.0 = Debug|Any CPU
		{2F5351EB-74F1-4A24-98B4-CBD0C37C96DC}.Release|Any CPU.ActiveCfg = Release|Any CPU
		{2F5351EB-74F1-4A24-98B4-CBD0C37C96DC}.Release|Any CPU.Build.0 = Release|Any CPU
	EndGlobalSection
	GlobalSection(SolutionProperties) = preSolution
		HideSolutionNode = FALSE
	EndGlobalSection
	GlobalSection(ExtensibilityGlobals) = postSolution
		SolutionGuid = {23D99C6A-3B36-4C1B-958F-9F75D24C5C3C}
	EndGlobalSection
EndGlobal
